
Microsoft Visual Studio Solution File, Format Version 12.00
# Visual Studio Version 16
VisualStudioVersion = 25.0.1704.2
MinimumVisualStudioVersion = 10.0.40219.1
Project("{FAE04EC0-301F-11D3-BF4B-00C04F79EFBC}") = "SyncBlackDuck.iOS", "SyncBlackDuck.iOS.csproj", "{94977792-9700-489A-AD98-E2F276CB0B3C}"
EndProject
Global
	GlobalSection(SolutionConfigurationPlatforms) = preSolution
		Debug|iPhoneSimulator = Debug|iPhoneSimulator
		Release|iPhoneSimulator = Release|iPhoneSimulator
		Debug|iPhone = Debug|iPhone
		Release|iPhone = Release|iPhone
	EndGlobalSection
	GlobalSection(ProjectConfigurationPlatforms) = postSolution
		{94977792-9700-489A-AD98-E2F276CB0B3C}.Debug|iPhoneSimulator.ActiveCfg = Debug|iPhoneSimulator
		{94977792-9700-489A-AD98-E2F276CB0B3C}.Debug|iPhoneSimulator.Build.0 = Debug|iPhoneSimulator
		{94977792-9700-489A-AD98-E2F276CB0B3C}.Release|iPhoneSimulator.ActiveCfg = Release|iPhoneSimulator
		{94977792-9700-489A-AD98-E2F276CB0B3C}.Release|iPhoneSimulator.Build.0 = Release|iPhoneSimulator
		{94977792-9700-489A-AD98-E2F276CB0B3C}.Debug|iPhone.ActiveCfg = Debug|iPhone
		{94977792-9700-489A-AD98-E2F276CB0B3C}.Debug|iPhone.Build.0 = Debug|iPhone
		{94977792-9700-489A-AD98-E2F276CB0B3C}.Release|iPhone.ActiveCfg = Release|iPhone
		{94977792-9700-489A-AD98-E2F276CB0B3C}.Release|iPhone.Build.0 = Release|iPhone
	EndGlobalSection
	GlobalSection(SolutionProperties) = preSolution
		HideSolutionNode = FALSE
	EndGlobalSection
	GlobalSection(ExtensibilityGlobals) = postSolution
		SolutionGuid = {DD27814C-E06A-4784-9D63-1612DF590060}
	EndGlobalSection
EndGlobal
